
Microsoft Visual Studio Solution File, Format Version 12.00
# Visual Studio 15
VisualStudioVersion = 15.0.26124.0
MinimumVisualStudioVersion = 15.0.26124.0
Project("{2150E333-8FDC-42A3-9474-1A3956D46DE8}") = "src", "src", "{0AEEB097-F12A-4650-885A-4053FE85512B}"
EndProject
Project("{FAE04EC0-301F-11D3-BF4B-00C04F79EFBC}") = "MediatR.Sandbox.CustomerServiceApi", "src\MediatR.Sandbox.CustomerServiceApi\MediatR.Sandbox.CustomerServiceApi.csproj", "{1DC13242-EE16-49FB-A9A6-B31FE81F1047}"
EndProject
Project("{2150E333-8FDC-42A3-9474-1A3956D46DE8}") = "misc", "misc", "{69E5BEF4-58C9-4DD6-8E40-16C8668F03F9}"
ProjectSection(SolutionItems) = preProject
	.gitignore = .gitignore
	LICENSE = LICENSE
EndProjectSection
EndProject
Project("{2150E333-8FDC-42A3-9474-1A3956D46DE8}") = "test", "test", "{F67166BD-ECEE-42F4-980E-58F861785F48}"
EndProject
Project("{FAE04EC0-301F-11D3-BF4B-00C04F79EFBC}") = "MediatR.Sandbox.CustomerServiceApi.Tests", "test\MediatR.Sandbox.CustomerServiceApi.Tests\MediatR.Sandbox.CustomerServiceApi.Tests.csproj", "{92909D52-250E-473E-ADE0-4E49E2BC5E16}"
EndProject
Project("{FAE04EC0-301F-11D3-BF4B-00C04F79EFBC}") = "MediatR.Sandbox.CustomerServiceApi.GrpcClient", "src\MediatR.Sandbox.CustomerServiceApi.GrpcClient\MediatR.Sandbox.CustomerServiceApi.GrpcClient.csproj", "{8DE164BD-56A6-48D2-BAD6-8242911E23DA}"
EndProject
Global
	GlobalSection(SolutionConfigurationPlatforms) = preSolution
		Debug|Any CPU = Debug|Any CPU
		Debug|x64 = Debug|x64
		Debug|x86 = Debug|x86
		Release|Any CPU = Release|Any CPU
		Release|x64 = Release|x64
		Release|x86 = Release|x86
	EndGlobalSection
	GlobalSection(SolutionProperties) = preSolution
		HideSolutionNode = FALSE
	EndGlobalSection
	GlobalSection(ProjectConfigurationPlatforms) = postSolution
		{1DC13242-EE16-49FB-A9A6-B31FE81F1047}.Debug|Any CPU.ActiveCfg = Debug|Any CPU
		{1DC13242-EE16-49FB-A9A6-B31FE81F1047}.Debug|Any CPU.Build.0 = Debug|Any CPU
		{1DC13242-EE16-49FB-A9A6-B31FE81F1047}.Debug|x64.ActiveCfg = Debug|Any CPU
		{1DC13242-EE16-49FB-A9A6-B31FE81F1047}.Debug|x64.Build.0 = Debug|Any CPU
		{1DC13242-EE16-49FB-A9A6-B31FE81F1047}.Debug|x86.ActiveCfg = Debug|Any CPU
		{1DC13242-EE16-49FB-A9A6-B31FE81F1047}.Debug|x86.Build.0 = Debug|Any CPU
		{1DC13242-EE16-49FB-A9A6-B31FE81F1047}.Release|Any CPU.ActiveCfg = Release|Any CPU
		{1DC13242-EE16-49FB-A9A6-B31FE81F1047}.Release|Any CPU.Build.0 = Release|Any CPU
		{1DC13242-EE16-49FB-A9A6-B31FE81F1047}.Release|x64.ActiveCfg = Release|Any CPU
		{1DC13242-EE16-49FB-A9A6-B31FE81F1047}.Release|x64.Build.0 = Release|Any CPU
		{1DC13242-EE16-49FB-A9A6-B31FE81F1047}.Release|x86.ActiveCfg = Release|Any CPU
		{1DC13242-EE16-49FB-A9A6-B31FE81F1047}.Release|x86.Build.0 = Release|Any CPU
		{92909D52-250E-473E-ADE0-4E49E2BC5E16}.Debug|Any CPU.ActiveCfg = Debug|Any CPU
		{92909D52-250E-473E-ADE0-4E49E2BC5E16}.Debug|Any CPU.Build.0 = Debug|Any CPU
		{92909D52-250E-473E-ADE0-4E49E2BC5E16}.Debug|x64.ActiveCfg = Debug|Any CPU
		{92909D52-250E-473E-ADE0-4E49E2BC5E16}.Debug|x64.Build.0 = Debug|Any CPU
		{92909D52-250E-473E-ADE0-4E49E2BC5E16}.Debug|x86.ActiveCfg = Debug|Any CPU
		{92909D52-250E-473E-ADE0-4E49E2BC5E16}.Debug|x86.Build.0 = Debug|Any CPU
		{92909D52-250E-473E-ADE0-4E49E2BC5E16}.Release|Any CPU.ActiveCfg = Release|Any CPU
		{92909D52-250E-473E-ADE0-4E49E2BC5E16}.Release|Any CPU.Build.0 = Release|Any CPU
		{92909D52-250E-473E-ADE0-4E49E2BC5E16}.Release|x64.ActiveCfg = Release|Any CPU
		{92909D52-250E-473E-ADE0-4E49E2BC5E16}.Release|x64.Build.0 = Release|Any CPU
		{92909D52-250E-473E-ADE0-4E49E2BC5E16}.Release|x86.ActiveCfg = Release|Any CPU
		{92909D52-250E-473E-ADE0-4E49E2BC5E16}.Release|x86.Build.0 = Release|Any CPU
		{8DE164BD-56A6-48D2-BAD6-8242911E23DA}.Debug|Any CPU.ActiveCfg = Debug|Any CPU
		{8DE164BD-56A6-48D2-BAD6-8242911E23DA}.Debug|Any CPU.Build.0 = Debug|Any CPU
		{8DE164BD-56A6-48D2-BAD6-8242911E23DA}.Debug|x64.ActiveCfg = Debug|Any CPU
		{8DE164BD-56A6-48D2-BAD6-8242911E23DA}.Debug|x64.Build.0 = Debug|Any CPU
		{8DE164BD-56A6-48D2-BAD6-8242911E23DA}.Debug|x86.ActiveCfg = Debug|Any CPU
		{8DE164BD-56A6-48D2-BAD6-8242911E23DA}.Debug|x86.Build.0 = Debug|Any CPU
		{8DE164BD-56A6-48D2-BAD6-8242911E23DA}.Release|Any CPU.ActiveCfg = Release|Any CPU
		{8DE164BD-56A6-48D2-BAD6-8242911E23DA}.Release|Any CPU.Build.0 = Release|Any CPU
		{8DE164BD-56A6-48D2-BAD6-8242911E23DA}.Release|x64.ActiveCfg = Release|Any CPU
		{8DE164BD-56A6-48D2-BAD6-8242911E23DA}.Release|x64.Build.0 = Release|Any CPU
		{8DE164BD-56A6-48D2-BAD6-8242911E23DA}.Release|x86.ActiveCfg = Release|Any CPU
		{8DE164BD-56A6-48D2-BAD6-8242911E23DA}.Release|x86.Build.0 = Release|Any CPU
	EndGlobalSection
	GlobalSection(NestedProjects) = preSolution
		{1DC13242-EE16-49FB-A9A6-B31FE81F1047} = {0AEEB097-F12A-4650-885A-4053FE85512B}
		{92909D52-250E-473E-ADE0-4E49E2BC5E16} = {F67166BD-ECEE-42F4-980E-58F861785F48}
		{8DE164BD-56A6-48D2-BAD6-8242911E23DA} = {0AEEB097-F12A-4650-885A-4053FE85512B}
	EndGlobalSection
EndGlobal
